{
  "lockfile_version": 1,
  "os": "Ubuntu 20.04.4 LTS",
  "r_version": "R version 4.1.3 (2022-03-10)",
  "platform": "x86_64-pc-linux-gnu",
  "packages": [
    {
      "ref": "deps::.",
      "package": "data.gathering-deps",
      "version": "0.0.0.9000",
      "type": "deps",
      "direct": true,
      "binary": false,
      "dependencies": ["rjson", "htmlTable"],
      "vignettes": false,
      "metadata": {
        "RemotePkgRef": "deps::.",
        "RemoteType": "deps"
      },
      "sources": [],
      "target": "src/contrib/data.gathering-deps_0.0.0.9000.tar.gz",
      "platform": "source",
      "rversion": "*",
      "directpkg": true,
      "license": "MIT + file LICENSE",
      "dep_types": ["Depends", "Imports", "LinkingTo", "Suggests", "Enhances"],
      "params": [],
      "install_args": ""
    },
    {
      "ref": "backports",
      "package": "backports",
      "version": "1.4.1",
      "type": "standard",
      "direct": false,
      "binary": false,
      "dependencies": [],
      "vignettes": false,
      "needscompilation": true,
      "metadata": {
        "RemoteType": "standard",
        "RemotePkgRef": "backports",
        "RemoteRef": "backports",
        "RemoteRepos": "https://cloud.r-project.org",
        "RemotePkgPlatform": "source",
        "RemoteSha": "1.4.1"
      },
      "sources": ["https://cloud.r-project.org/src/contrib/backports_1.4.1.tar.gz", "https://cloud.r-project.org/src/contrib/Archive/backports_1.4.1.tar.gz"],
      "target": "src/contrib/backports_1.4.1.tar.gz",
      "platform": "source",
      "rversion": "*",
      "directpkg": false,
      "license": "GPL-2 | GPL-3",
      "sha256": "845c3c59fbb05e5a892c4231b955a0afdd331d82b7cc815bcff0672023242474",
      "filesize": 26201,
      "dep_types": ["Depends", "Imports", "LinkingTo"],
      "params": [],
      "install_args": "",
      "repotype": "cran"
    },
    {
      "ref": "base64enc",
      "package": "base64enc",
      "version": "0.1-3",
      "type": "standard",
      "direct": false,
      "binary": false,
      "dependencies": [],
      "vignettes": false,
      "needscompilation": true,
      "metadata": {
        "RemoteType": "standard",
        "RemotePkgRef": "base64enc",
        "RemoteRef": "base64enc",
        "RemoteRepos": "https://cloud.r-project.org",
        "RemotePkgPlatform": "source",
        "RemoteSha": "0.1-3"
      },
      "sources": ["https://cloud.r-project.org/src/contrib/base64enc_0.1-3.tar.gz", "https://cloud.r-project.org/src/contrib/Archive/base64enc_0.1-3.tar.gz"],
      "target": "src/contrib/base64enc_0.1-3.tar.gz",
      "platform": "source",
      "rversion": "*",
      "directpkg": false,
      "license": "GPL-2 | GPL-3",
      "sha256": "6d856d8a364bcdc499a0bf38bfd283b7c743d08f0b288174fba7dbf0a04b688d",
      "filesize": 7833,
      "dep_types": ["Depends", "Imports", "LinkingTo"],
      "params": [],
      "install_args": "",
      "repotype": "cran"
    },
    {
      "ref": "checkmate",
      "package": "checkmate",
      "version": "2.0.0",
      "type": "standard",
      "direct": false,
      "binary": false,
      "dependencies": ["backports"],
      "vignettes": false,
      "needscompilation": true,
      "metadata": {
        "RemoteType": "standard",
        "RemotePkgRef": "checkmate",
        "RemoteRef": "checkmate",
        "RemoteRepos": "https://cloud.r-project.org",
        "RemotePkgPlatform": "source",
        "RemoteSha": "2.0.0"
      },
      "sources": ["https://cloud.r-project.org/src/contrib/checkmate_2.0.0.tar.gz", "https://cloud.r-project.org/src/contrib/Archive/checkmate_2.0.0.tar.gz"],
      "target": "src/contrib/checkmate_2.0.0.tar.gz",
      "platform": "source",
      "rversion": "*",
      "directpkg": false,
      "license": "BSD_3_clause + file LICENSE",
      "sha256": "0dc25b0e20c04836359df1885d099c6e4ad8ae0e585a9e4107f7ea945d9c6fa4",
      "filesize": 168716,
      "dep_types": ["Depends", "Imports", "LinkingTo"],
      "params": [],
      "install_args": "",
      "repotype": "cran"
    },
    {
      "ref": "digest",
      "package": "digest",
      "version": "0.6.29",
      "type": "standard",
      "direct": false,
      "binary": false,
      "dependencies": [],
      "vignettes": false,
      "needscompilation": true,
      "metadata": {
        "RemoteType": "standard",
        "RemotePkgRef": "digest",
        "RemoteRef": "digest",
        "RemoteRepos": "https://cloud.r-project.org",
        "RemotePkgPlatform": "source",
        "RemoteSha": "0.6.29"
      },
      "sources": ["https://cloud.r-project.org/src/contrib/digest_0.6.29.tar.gz", "https://cloud.r-project.org/src/contrib/Archive/digest_0.6.29.tar.gz"],
      "target": "src/contrib/digest_0.6.29.tar.gz",
      "platform": "source",
      "rversion": "*",
      "directpkg": false,
      "license": "GPL (>= 2)",
      "sha256": "792c1f14a4c8047745152f5e45ce7351978af8d770c29d2ea39c7acd5d619cd9",
      "filesize": 162775,
      "dep_types": ["Depends", "Imports", "LinkingTo"],
      "params": [],
      "install_args": "",
      "repotype": "cran"
    },
    {
      "ref": "evaluate",
      "package": "evaluate",
      "version": "0.15",
      "type": "standard",
      "direct": false,
      "binary": false,
      "dependencies": [],
      "vignettes": false,
      "needscompilation": false,
      "metadata": {
        "RemoteType": "standard",
        "RemotePkgRef": "evaluate",
        "RemoteRef": "evaluate",
        "RemoteRepos": "https://cloud.r-project.org",
        "RemotePkgPlatform": "source",
        "RemoteSha": "0.15"
      },
      "sources": ["https://cloud.r-project.org/src/contrib/evaluate_0.15.tar.gz", "https://cloud.r-project.org/src/contrib/Archive/evaluate_0.15.tar.gz"],
      "target": "src/contrib/evaluate_0.15.tar.gz",
      "platform": "source",
      "rversion": "*",
      "directpkg": false,
      "license": "MIT + file LICENSE",
      "sha256": "885aee530a8b6aa7fd3acaa1ecd94ab58b71038c879ca37405f948e105907c5d",
      "filesize": 25617,
      "dep_types": ["Depends", "Imports", "LinkingTo"],
      "params": [],
      "install_args": "",
      "repotype": "cran"
    },
    {
      "ref": "fastmap",
      "package": "fastmap",
      "version": "1.1.0",
      "type": "standard",
      "direct": false,
      "binary": false,
      "dependencies": [],
      "vignettes": false,
      "needscompilation": true,
      "metadata": {
        "RemoteType": "standard",
        "RemotePkgRef": "fastmap",
        "RemoteRef": "fastmap",
        "RemoteRepos": "https://cloud.r-project.org",
        "RemotePkgPlatform": "source",
        "RemoteSha": "1.1.0"
      },
      "sources": ["https://cloud.r-project.org/src/contrib/fastmap_1.1.0.tar.gz", "https://cloud.r-project.org/src/contrib/Archive/fastmap_1.1.0.tar.gz"],
      "target": "src/contrib/fastmap_1.1.0.tar.gz",
      "platform": "source",
      "rversion": "*",
      "directpkg": false,
      "license": "MIT + file LICENSE",
      "sha256": "9113e526b4c096302cfeae660a06de2c4c82ae4e2d3d6ef53af6de812d4c822b",
      "filesize": 44277,
      "dep_types": ["Depends", "Imports", "LinkingTo"],
      "params": [],
      "install_args": "",
      "repotype": "cran"
    },
    {
      "ref": "glue",
      "package": "glue",
      "version": "1.6.2",
      "type": "standard",
      "direct": false,
      "binary": false,
      "dependencies": [],
      "vignettes": false,
      "needscompilation": true,
      "metadata": {
        "RemoteType": "standard",
        "RemotePkgRef": "glue",
        "RemoteRef": "glue",
        "RemoteRepos": "https://cloud.r-project.org",
        "RemotePkgPlatform": "source",
        "RemoteSha": "1.6.2"
      },
      "sources": ["https://cloud.r-project.org/src/contrib/glue_1.6.2.tar.gz", "https://cloud.r-project.org/src/contrib/Archive/glue_1.6.2.tar.gz"],
      "target": "src/contrib/glue_1.6.2.tar.gz",
      "platform": "source",
      "rversion": "*",
      "directpkg": false,
      "license": "MIT + file LICENSE",
      "sha256": "9da518f12be584c90e75fe8e07f711ee3f6fc0d03d817f72c25dc0f66499fdbf",
      "filesize": 106510,
      "dep_types": ["Depends", "Imports", "LinkingTo"],
      "params": [],
      "install_args": "",
      "repotype": "cran"
    },
    {
      "ref": "highr",
      "package": "highr",
      "version": "0.9",
      "type": "standard",
      "direct": false,
      "binary": false,
      "dependencies": ["xfun"],
      "vignettes": false,
      "needscompilation": false,
      "metadata": {
        "RemoteType": "standard",
        "RemotePkgRef": "highr",
        "RemoteRef": "highr",
        "RemoteRepos": "https://cloud.r-project.org",
        "RemotePkgPlatform": "source",
        "RemoteSha": "0.9"
      },
      "sources": ["https://cloud.r-project.org/src/contrib/highr_0.9.tar.gz", "https://cloud.r-project.org/src/contrib/Archive/highr_0.9.tar.gz"],
      "target": "src/contrib/highr_0.9.tar.gz",
      "platform": "source",
      "rversion": "*",
      "directpkg": false,
      "license": "GPL",
      "sha256": "beff11390d936c90fdcc00e7ed0eb72220f3de403a51b56659e3d3e0b6d8ed4d",
      "filesize": 15188,
      "dep_types": ["Depends", "Imports", "LinkingTo"],
      "params": [],
      "install_args": "",
      "repotype": "cran"
    },
    {
      "ref": "htmlTable",
      "package": "htmlTable",
      "version": "2.4.0",
      "type": "standard",
      "direct": false,
      "binary": false,
      "dependencies": ["stringr", "knitr", "magrittr", "checkmate", "htmlwidgets", "htmltools", "rstudioapi"],
      "vignettes": false,
      "needscompilation": false,
      "metadata": {
        "RemoteType": "standard",
        "RemotePkgRef": "htmlTable",
        "RemoteRef": "htmlTable",
        "RemoteRepos": "https://cloud.r-project.org",
        "RemotePkgPlatform": "source",
        "RemoteSha": "2.4.0"
      },
      "sources": ["https://cloud.r-project.org/src/contrib/htmlTable_2.4.0.tar.gz", "https://cloud.r-project.org/src/contrib/Archive/htmlTable_2.4.0.tar.gz"],
      "target": "src/contrib/htmlTable_2.4.0.tar.gz",
      "platform": "source",
      "rversion": "*",
      "directpkg": false,
      "license": "GPL (>= 3)",
      "sha256": "4ca2b5616d77cfeee8ae5ca74307b86407d478b12d1ce17ba9c447e233b89a9d",
      "filesize": 438209,
      "dep_types": ["Depends", "Imports", "LinkingTo"],
      "params": [],
      "install_args": "",
      "repotype": "cran"
    },
    {
      "ref": "htmltools",
      "package": "htmltools",
      "version": "0.5.2",
      "type": "standard",
      "direct": false,
      "binary": false,
      "dependencies": ["digest", "base64enc", "rlang", "fastmap"],
      "vignettes": false,
      "needscompilation": true,
      "metadata": {
        "RemoteType": "standard",
        "RemotePkgRef": "htmltools",
        "RemoteRef": "htmltools",
        "RemoteRepos": "https://cloud.r-project.org",
        "RemotePkgPlatform": "source",
        "RemoteSha": "0.5.2"
      },
      "sources": ["https://cloud.r-project.org/src/contrib/htmltools_0.5.2.tar.gz", "https://cloud.r-project.org/src/contrib/Archive/htmltools_0.5.2.tar.gz"],
      "target": "src/contrib/htmltools_0.5.2.tar.gz",
      "platform": "source",
      "rversion": "*",
      "directpkg": false,
      "license": "GPL (>= 2)",
      "sha256": "7dc7d50436e5a82a5801f85bcd2f572a06a98b4027d71aa17b4854ec9b2767fb",
      "filesize": 124510,
      "dep_types": ["Depends", "Imports", "LinkingTo"],
      "params": [],
      "install_args": "",
      "repotype": "cran"
    },
    {
      "ref": "htmlwidgets",
      "package": "htmlwidgets",
      "version": "1.5.4",
      "type": "standard",
      "direct": false,
      "binary": false,
      "dependencies": ["htmltools", "jsonlite", "yaml"],
      "vignettes": false,
      "needscompilation": false,
      "metadata": {
        "RemoteType": "standard",
        "RemotePkgRef": "htmlwidgets",
        "RemoteRef": "htmlwidgets",
        "RemoteRepos": "https://cloud.r-project.org",
        "RemotePkgPlatform": "source",
        "RemoteSha": "1.5.4"
      },
      "sources": ["https://cloud.r-project.org/src/contrib/htmlwidgets_1.5.4.tar.gz", "https://cloud.r-project.org/src/contrib/Archive/htmlwidgets_1.5.4.tar.gz"],
      "target": "src/contrib/htmlwidgets_1.5.4.tar.gz",
      "platform": "source",
      "rversion": "*",
      "directpkg": false,
      "license": "MIT + file LICENSE",
      "sha256": "1a3fc60f40717de7f1716b754fd1c31a132e489a2560a278636ee78eba46ffc1",
      "filesize": 956850,
      "dep_types": ["Depends", "Imports", "LinkingTo"],
      "params": [],
      "install_args": "",
      "repotype": "cran"
    },
    {
      "ref": "jsonlite",
      "package": "jsonlite",
      "version": "1.8.0",
      "type": "standard",
      "direct": false,
      "binary": false,
      "dependencies": [],
      "vignettes": false,
      "needscompilation": true,
      "metadata": {
        "RemoteType": "standard",
        "RemotePkgRef": "jsonlite",
        "RemoteRef": "jsonlite",
        "RemoteRepos": "https://cloud.r-project.org",
        "RemotePkgPlatform": "source",
        "RemoteSha": "1.8.0"
      },
      "sources": ["https://cloud.r-project.org/src/contrib/jsonlite_1.8.0.tar.gz", "https://cloud.r-project.org/src/contrib/Archive/jsonlite_1.8.0.tar.gz"],
      "target": "src/contrib/jsonlite_1.8.0.tar.gz",
      "platform": "source",
      "rversion": "*",
      "directpkg": false,
      "license": "MIT + file LICENSE",
      "sha256": "7b1892efebcb4cf4628f716000accd4b43bbf82b3e6ba90b9529d4fa0e55cd4c",
      "filesize": 1051625,
      "dep_types": ["Depends", "Imports", "LinkingTo"],
      "params": [],
      "install_args": "",
      "repotype": "cran"
    },
    {
      "ref": "knitr",
      "package": "knitr",
      "version": "1.38",
      "type": "standard",
      "direct": false,
      "binary": false,
      "dependencies": ["evaluate", "highr", "stringr", "yaml", "xfun"],
      "vignettes": false,
      "needscompilation": false,
      "metadata": {
        "RemoteType": "standard",
        "RemotePkgRef": "knitr",
        "RemoteRef": "knitr",
        "RemoteRepos": "https://cloud.r-project.org",
        "RemotePkgPlatform": "source",
        "RemoteSha": "1.38"
      },
      "sources": ["https://cloud.r-project.org/src/contrib/knitr_1.38.tar.gz", "https://cloud.r-project.org/src/contrib/Archive/knitr_1.38.tar.gz"],
      "target": "src/contrib/knitr_1.38.tar.gz",
      "platform": "source",
      "rversion": "*",
      "directpkg": false,
      "license": "GPL",
      "filesize": 895567,
      "dep_types": ["Depends", "Imports", "LinkingTo"],
      "params": [],
      "install_args": "",
      "repotype": "cran"
    },
    {
      "ref": "magrittr",
      "package": "magrittr",
      "version": "2.0.2",
      "type": "standard",
      "direct": false,
      "binary": false,
      "dependencies": [],
      "vignettes": false,
      "needscompilation": true,
      "metadata": {
        "RemoteType": "standard",
        "RemotePkgRef": "magrittr",
        "RemoteRef": "magrittr",
        "RemoteRepos": "https://cloud.r-project.org",
        "RemotePkgPlatform": "source",
        "RemoteSha": "2.0.2"
      },
      "sources": ["https://cloud.r-project.org/src/contrib/magrittr_2.0.2.tar.gz", "https://cloud.r-project.org/src/contrib/Archive/magrittr_2.0.2.tar.gz"],
      "target": "src/contrib/magrittr_2.0.2.tar.gz",
      "platform": "source",
      "rversion": "*",
      "directpkg": false,
      "license": "MIT + file LICENSE",
      "sha256": "7be6fd0d0da75b92d8bad0136076da96260ee84bf639ef632a24668acdc163a6",
      "filesize": 267039,
      "dep_types": ["Depends", "Imports", "LinkingTo"],
      "params": [],
      "install_args": "",
      "repotype": "cran"
    },
    {
      "ref": "rjson",
      "package": "rjson",
      "version": "0.2.21",
      "type": "standard",
      "direct": false,
      "binary": false,
      "dependencies": [],
      "vignettes": false,
      "needscompilation": true,
      "metadata": {
        "RemoteType": "standard",
        "RemotePkgRef": "rjson",
        "RemoteRef": "rjson",
        "RemoteRepos": "https://cloud.r-project.org",
        "RemotePkgPlatform": "source",
        "RemoteSha": "0.2.21"
      },
      "sources": ["https://cloud.r-project.org/src/contrib/rjson_0.2.21.tar.gz", "https://cloud.r-project.org/src/contrib/Archive/rjson_0.2.21.tar.gz"],
      "target": "src/contrib/rjson_0.2.21.tar.gz",
      "platform": "source",
      "rversion": "*",
      "directpkg": false,
      "license": "GPL-2",
      "sha256": "982b56d35ccc0c7db0b20c1d3eab5f5f47c620309646fdc278ff1cc3433ea2e2",
      "filesize": 116509,
      "dep_types": ["Depends", "Imports", "LinkingTo"],
      "params": [],
      "install_args": "",
      "repotype": "cran"
    },
    {
      "ref": "rlang",
      "package": "rlang",
      "version": "1.0.2",
      "type": "standard",
      "direct": false,
      "binary": false,
      "dependencies": [],
      "vignettes": false,
      "needscompilation": true,
      "metadata": {
        "RemoteType": "standard",
        "RemotePkgRef": "rlang",
        "RemoteRef": "rlang",
        "RemoteRepos": "https://cloud.r-project.org",
        "RemotePkgPlatform": "source",
        "RemoteSha": "1.0.2"
      },
      "sources": ["https://cloud.r-project.org/src/contrib/rlang_1.0.2.tar.gz", "https://cloud.r-project.org/src/contrib/Archive/rlang_1.0.2.tar.gz"],
      "target": "src/contrib/rlang_1.0.2.tar.gz",
      "platform": "source",
      "rversion": "*",
      "directpkg": false,
      "license": "MIT + file LICENSE",
      "sha256": "8de87c3e6fb0b3cce2dabc6908186f8e1528cc0c16b54de965fe02d405fdd7cc",
      "filesize": 724829,
      "dep_types": ["Depends", "Imports", "LinkingTo"],
      "params": [],
      "install_args": "",
      "repotype": "cran"
    },
    {
      "ref": "rstudioapi",
      "package": "rstudioapi",
      "version": "0.13",
      "type": "standard",
      "direct": false,
      "binary": false,
      "dependencies": [],
      "vignettes": false,
      "needscompilation": false,
      "metadata": {
        "RemoteType": "standard",
        "RemotePkgRef": "rstudioapi",
        "RemoteRef": "rstudioapi",
        "RemoteRepos": "https://cloud.r-project.org",
        "RemotePkgPlatform": "source",
        "RemoteSha": "0.13"
      },
      "sources": ["https://cloud.r-project.org/src/contrib/rstudioapi_0.13.tar.gz", "https://cloud.r-project.org/src/contrib/Archive/rstudioapi_0.13.tar.gz"],
      "target": "src/contrib/rstudioapi_0.13.tar.gz",
      "platform": "source",
      "rversion": "*",
      "directpkg": false,
      "license": "MIT + file LICENSE",
      "sha256": "aac35bbdcb4a8e8caba943bc8a2b98120e8940b80cd1020224bb1a26ff776d8b",
      "filesize": 110472,
      "dep_types": ["Depends", "Imports", "LinkingTo"],
      "params": [],
      "install_args": "",
      "repotype": "cran"
    },
    {
      "ref": "stringi",
      "package": "stringi",
      "version": "1.7.6",
      "type": "standard",
      "direct": false,
      "binary": false,
      "dependencies": [],
      "vignettes": false,
      "needscompilation": true,
      "metadata": {
        "RemoteType": "standard",
        "RemotePkgRef": "stringi",
        "RemoteRef": "stringi",
        "RemoteRepos": "https://cloud.r-project.org",
        "RemotePkgPlatform": "source",
        "RemoteSha": "1.7.6"
      },
      "sources": ["https://cloud.r-project.org/src/contrib/stringi_1.7.6.tar.gz", "https://cloud.r-project.org/src/contrib/Archive/stringi_1.7.6.tar.gz"],
      "target": "src/contrib/stringi_1.7.6.tar.gz",
      "platform": "source",
      "rversion": "*",
      "directpkg": false,
      "license": "file LICENSE",
      "sha256": "0ea3d5afec5701977ff53de9afbaceb53b00aa34f5fb641cadc1eeb7759119ec",
      "filesize": 7600716,
      "dep_types": ["Depends", "Imports", "LinkingTo"],
      "params": [],
      "install_args": "",
      "repotype": "cran"
    },
    {
      "ref": "stringr",
      "package": "stringr",
      "version": "1.4.0",
      "type": "standard",
      "direct": false,
      "binary": false,
      "dependencies": ["glue", "magrittr", "stringi"],
      "vignettes": false,
      "needscompilation": false,
      "metadata": {
        "RemoteType": "standard",
        "RemotePkgRef": "stringr",
        "RemoteRef": "stringr",
        "RemoteRepos": "https://cloud.r-project.org",
        "RemotePkgPlatform": "source",
        "RemoteSha": "1.4.0"
      },
      "sources": ["https://cloud.r-project.org/src/contrib/stringr_1.4.0.tar.gz", "https://cloud.r-project.org/src/contrib/Archive/stringr_1.4.0.tar.gz"],
      "target": "src/contrib/stringr_1.4.0.tar.gz",
      "platform": "source",
      "rversion": "*",
      "directpkg": false,
      "license": "GPL-2 | file LICENSE",
      "sha256": "87604d2d3a9ad8fd68444ce0865b59e2ffbdb548a38d6634796bbd83eeb931dd",
      "filesize": 135777,
      "dep_types": ["Depends", "Imports", "LinkingTo"],
      "params": [],
      "install_args": "",
      "repotype": "cran"
    },
    {
      "ref": "xfun",
      "package": "xfun",
      "version": "0.30",
      "type": "standard",
      "direct": false,
      "binary": false,
      "dependencies": [],
      "vignettes": false,
      "needscompilation": true,
      "metadata": {
        "RemoteType": "standard",
        "RemotePkgRef": "xfun",
        "RemoteRef": "xfun",
        "RemoteRepos": "https://cloud.r-project.org",
        "RemotePkgPlatform": "source",
        "RemoteSha": "0.30"
      },
      "sources": ["https://cloud.r-project.org/src/contrib/xfun_0.30.tar.gz", "https://cloud.r-project.org/src/contrib/Archive/xfun_0.30.tar.gz"],
      "target": "src/contrib/xfun_0.30.tar.gz",
      "platform": "source",
      "rversion": "*",
      "directpkg": false,
      "license": "MIT + file LICENSE",
      "sha256": "ebf81cf302e051f0361dc4c8b519d99e20a353b4b29cee13e768663ff562c0ee",
      "filesize": 125825,
      "dep_types": ["Depends", "Imports", "LinkingTo"],
      "params": [],
      "install_args": "",
      "repotype": "cran"
    },
    {
      "ref": "yaml",
      "package": "yaml",
      "version": "2.3.5",
      "type": "standard",
      "direct": false,
      "binary": false,
      "dependencies": [],
      "vignettes": false,
      "needscompilation": true,
      "metadata": {
        "RemoteType": "standard",
        "RemotePkgRef": "yaml",
        "RemoteRef": "yaml",
        "RemoteRepos": "https://cloud.r-project.org",
        "RemotePkgPlatform": "source",
        "RemoteSha": "2.3.5"
      },
      "sources": ["https://cloud.r-project.org/src/contrib/yaml_2.3.5.tar.gz", "https://cloud.r-project.org/src/contrib/Archive/yaml_2.3.5.tar.gz"],
      "target": "src/contrib/yaml_2.3.5.tar.gz",
      "platform": "source",
      "rversion": "*",
      "directpkg": false,
      "license": "BSD_3_clause + file LICENSE",
      "sha256": "3edf6c0554a0e184a25e8bec5721a2e66b4ab0dceb3737428e22705e52eb5140",
      "filesize": 94535,
      "dep_types": ["Depends", "Imports", "LinkingTo"],
      "params": [],
      "install_args": "",
      "repotype": "cran"
    },
    {
      "ref": "cli",
      "package": "cli",
      "version": "3.2.0",
      "type": "standard",
      "direct": false,
      "binary": false,
      "dependencies": ["glue"],
      "vignettes": false,
      "needscompilation": true,
      "metadata": {
        "RemoteType": "standard",
        "RemotePkgRef": "cli",
        "RemoteRef": "cli",
        "RemoteRepos": "https://cloud.r-project.org",
        "RemotePkgPlatform": "source",
        "RemoteSha": "3.2.0"
      },
      "sources": ["https://cloud.r-project.org/src/contrib/cli_3.2.0.tar.gz", "https://cloud.r-project.org/src/contrib/Archive/cli_3.2.0.tar.gz"],
      "target": "src/contrib/cli_3.2.0.tar.gz",
      "platform": "source",
      "rversion": "*",
      "directpkg": false,
      "license": "MIT + file LICENSE",
      "sha256": "cd5a1b754d09de33f088f25ecdb0494100f9a42bc0a66622bfd7d8ec5498e862",
      "filesize": 493192,
      "dep_types": ["Depends", "Imports", "LinkingTo"],
      "params": [],
      "install_args": "",
      "repotype": "cran"
    },
    {
      "ref": "any::sessioninfo",
      "package": "sessioninfo",
      "version": "1.2.2",
      "type": "any",
      "direct": true,
      "binary": false,
      "dependencies": ["cli"],
      "vignettes": false,
      "needscompilation": false,
      "metadata": {
        "RemoteType": "any",
        "RemotePkgRef": "any::sessioninfo",
        "RemoteRef": "any::sessioninfo",
        "RemoteRepos": "https://cloud.r-project.org",
        "RemotePkgPlatform": "source",
        "RemoteSha": "1.2.2"
      },
      "sources": ["https://cloud.r-project.org/src/contrib/sessioninfo_1.2.2.tar.gz", "https://cloud.r-project.org/src/contrib/Archive/sessioninfo_1.2.2.tar.gz"],
      "target": "src/contrib/sessioninfo_1.2.2.tar.gz",
      "platform": "source",
      "rversion": "*",
      "directpkg": true,
      "license": "GPL-2",
      "sha256": "f56283857c53ac8691e3747ed48fe03e893d8ff348235bff7364658bcfb0c7cb",
      "filesize": 170924,
      "dep_types": ["Depends", "Imports", "LinkingTo"],
      "params": [],
      "install_args": "",
      "repotype": "cran"
    }
  ],
  "sysreqs": {
    "os": "ubuntu",
    "os_release": "20.04",
    "url": "https://packagemanager.rstudio.com/__api__/repos/1/sysreqs?distribution=ubuntu&release=20.04",
    "pre_install": [],
    "install_scripts": ["apt-get install -y libicu-dev", "apt-get install -y pandoc"],
    "post_install": []
  }
}
